
Microsoft Visual Studio Solution File, Format Version 12.00
# Visual Studio Version 16
VisualStudioVersion = 16.0.29306.81
MinimumVisualStudioVersion = 10.0.40219.1
Project("{9A19103F-16F7-4668-BE54-9A1E7A4F7556}") = "WebKonopelko", "WebKonopelko\WebKonopelko.csproj", "{9CF38D0B-8244-4028-8E76-1D3AB084B9B9}"
EndProject
Project("{FAE04EC0-301F-11D3-BF4B-00C04F79EFBC}") = "WebKonopelko.DAL", "WebKonopelko.DAL\WebKonopelko.DAL.csproj", "{AB94CCB9-AC3F-4F8F-AD94-16BB8DB8F56B}"
EndProject
Global
	GlobalSection(SolutionConfigurationPlatforms) = preSolution
		Debug|Any CPU = Debug|Any CPU
		Release|Any CPU = Release|Any CPU
	EndGlobalSection
	GlobalSection(ProjectConfigurationPlatforms) = postSolution
		{9CF38D0B-8244-4028-8E76-1D3AB084B9B9}.Debug|Any CPU.ActiveCfg = Debug|Any CPU
		{9CF38D0B-8244-4028-8E76-1D3AB084B9B9}.Debug|Any CPU.Build.0 = Debug|Any CPU
		{9CF38D0B-8244-4028-8E76-1D3AB084B9B9}.Release|Any CPU.ActiveCfg = Release|Any CPU
		{9CF38D0B-8244-4028-8E76-1D3AB084B9B9}.Release|Any CPU.Build.0 = Release|Any CPU
		{AB94CCB9-AC3F-4F8F-AD94-16BB8DB8F56B}.Debug|Any CPU.ActiveCfg = Debug|Any CPU
		{AB94CCB9-AC3F-4F8F-AD94-16BB8DB8F56B}.Debug|Any CPU.Build.0 = Debug|Any CPU
		{AB94CCB9-AC3F-4F8F-AD94-16BB8DB8F56B}.Release|Any CPU.ActiveCfg = Release|Any CPU
		{AB94CCB9-AC3F-4F8F-AD94-16BB8DB8F56B}.Release|Any CPU.Build.0 = Release|Any CPU
	EndGlobalSection
	GlobalSection(SolutionProperties) = preSolution
		HideSolutionNode = FALSE
	EndGlobalSection
	GlobalSection(ExtensibilityGlobals) = postSolution
		SolutionGuid = {CEEE6E40-1230-4F77-B53F-74B529DEBD1C}
	EndGlobalSection
EndGlobal
